
Microsoft Visual Studio Solution File, Format Version 10.00
# Visual Studio 2008
Project("{FAE04EC0-301F-11D3-BF4B-00C04F79EFBC}") = "ComSpecParser", "ComSpecParser\ComSpecParser.csproj", "{2BAA5245-C439-4735-BED1-960B69C69CF8}"
EndProject
Global
	GlobalSection(SolutionConfigurationPlatforms) = preSolution
		Debug|Any CPU = Debug|Any CPU
		Release|Any CPU = Release|Any CPU
	EndGlobalSection
	GlobalSection(ProjectConfigurationPlatforms) = postSolution
		{2BAA5245-C439-4735-BED1-960B69C69CF8}.Debug|Any CPU.ActiveCfg = Debug|Any CPU
		{2BAA5245-C439-4735-BED1-960B69C69CF8}.Debug|Any CPU.Build.0 = Debug|Any CPU
		{2BAA5245-C439-4735-BED1-960B69C69CF8}.Release|Any CPU.ActiveCfg = Release|Any CPU
		{2BAA5245-C439-4735-BED1-960B69C69CF8}.Release|Any CPU.Build.0 = Release|Any CPU
	EndGlobalSection
	GlobalSection(SolutionProperties) = preSolution
		HideSolutionNode = FALSE
	EndGlobalSection
EndGlobal
